
Microsoft Visual Studio Solution File, Format Version 12.00
# Visual Studio Version 16
VisualStudioVersion = 16.0.30717.126
MinimumVisualStudioVersion = 10.0.40219.1
Project("{9A19103F-16F7-4668-BE54-9A1E7A4F7556}") = "TaskApp.Users", "TaskApp.Users\TaskApp.Users.csproj", "{3423009D-7168-4C3C-A135-C984FAF906C3}"
EndProject
Project("{9A19103F-16F7-4668-BE54-9A1E7A4F7556}") = "TaskApp.Tasks", "TaskApp.Tasks\TaskApp.Tasks.csproj", "{9A77E41A-8247-411F-9D9B-774AC8C77950}"
EndProject
Project("{9A19103F-16F7-4668-BE54-9A1E7A4F7556}") = "TaskApp.Photos", "TaskApp.Photos\TaskApp.Photos.csproj", "{A993CDD0-B1A7-47CA-9EDC-4520AD0D2DAF}"
EndProject
Project("{9A19103F-16F7-4668-BE54-9A1E7A4F7556}") = "TaskApp.Notifications", "TaskApp.Notifications\TaskApp.Notifications.csproj", "{0FE73F76-6DB0-4473-BC38-AB31183943AD}"
EndProject
Project("{9A19103F-16F7-4668-BE54-9A1E7A4F7556}") = "TaskApp.Auth", "TaskApp.Auth\TaskApp.Auth.csproj", "{DAD158BC-CD69-446F-821D-7B680276CDA1}"
EndProject
Global
	GlobalSection(SolutionConfigurationPlatforms) = preSolution
		Debug|Any CPU = Debug|Any CPU
		Release|Any CPU = Release|Any CPU
	EndGlobalSection
	GlobalSection(ProjectConfigurationPlatforms) = postSolution
		{3423009D-7168-4C3C-A135-C984FAF906C3}.Debug|Any CPU.ActiveCfg = Debug|Any CPU
		{3423009D-7168-4C3C-A135-C984FAF906C3}.Debug|Any CPU.Build.0 = Debug|Any CPU
		{3423009D-7168-4C3C-A135-C984FAF906C3}.Release|Any CPU.ActiveCfg = Release|Any CPU
		{3423009D-7168-4C3C-A135-C984FAF906C3}.Release|Any CPU.Build.0 = Release|Any CPU
		{9A77E41A-8247-411F-9D9B-774AC8C77950}.Debug|Any CPU.ActiveCfg = Debug|Any CPU
		{9A77E41A-8247-411F-9D9B-774AC8C77950}.Debug|Any CPU.Build.0 = Debug|Any CPU
		{9A77E41A-8247-411F-9D9B-774AC8C77950}.Release|Any CPU.ActiveCfg = Release|Any CPU
		{9A77E41A-8247-411F-9D9B-774AC8C77950}.Release|Any CPU.Build.0 = Release|Any CPU
		{A993CDD0-B1A7-47CA-9EDC-4520AD0D2DAF}.Debug|Any CPU.ActiveCfg = Debug|Any CPU
		{A993CDD0-B1A7-47CA-9EDC-4520AD0D2DAF}.Debug|Any CPU.Build.0 = Debug|Any CPU
		{A993CDD0-B1A7-47CA-9EDC-4520AD0D2DAF}.Release|Any CPU.ActiveCfg = Release|Any CPU
		{A993CDD0-B1A7-47CA-9EDC-4520AD0D2DAF}.Release|Any CPU.Build.0 = Release|Any CPU
		{0FE73F76-6DB0-4473-BC38-AB31183943AD}.Debug|Any CPU.ActiveCfg = Debug|Any CPU
		{0FE73F76-6DB0-4473-BC38-AB31183943AD}.Debug|Any CPU.Build.0 = Debug|Any CPU
		{0FE73F76-6DB0-4473-BC38-AB31183943AD}.Release|Any CPU.ActiveCfg = Release|Any CPU
		{0FE73F76-6DB0-4473-BC38-AB31183943AD}.Release|Any CPU.Build.0 = Release|Any CPU
		{DAD158BC-CD69-446F-821D-7B680276CDA1}.Debug|Any CPU.ActiveCfg = Debug|Any CPU
		{DAD158BC-CD69-446F-821D-7B680276CDA1}.Debug|Any CPU.Build.0 = Debug|Any CPU
		{DAD158BC-CD69-446F-821D-7B680276CDA1}.Release|Any CPU.ActiveCfg = Release|Any CPU
		{DAD158BC-CD69-446F-821D-7B680276CDA1}.Release|Any CPU.Build.0 = Release|Any CPU
	EndGlobalSection
	GlobalSection(SolutionProperties) = preSolution
		HideSolutionNode = FALSE
	EndGlobalSection
	GlobalSection(ExtensibilityGlobals) = postSolution
		SolutionGuid = {2361AC24-059F-429C-A2C6-7887549F68E7}
	EndGlobalSection
EndGlobal
